
Microsoft Visual Studio Solution File, Format Version 12.00
# Visual Studio 15
VisualStudioVersion = 15.0.27004.2008
MinimumVisualStudioVersion = 10.0.40219.1
Project("{FAE04EC0-301F-11D3-BF4B-00C04F79EFBC}") = "Aria2_Remote_Service", "aria2c_service\Aria2_Remote_Service.csproj", "{F0164169-1B23-4B47-88F2-05A1EF387660}"
EndProject
Project("{FAE04EC0-301F-11D3-BF4B-00C04F79EFBC}") = "Aria2_Client", "Tests\Aria2_Client.csproj", "{0DB5BE9F-9F80-4A2B-97DC-5E6996B81C38}"
EndProject
Project("{FAE04EC0-301F-11D3-BF4B-00C04F79EFBC}") = "Aria2_JSON_RPC_Lib", "aria2c_service_lib\Aria2_JSON_RPC_Lib.csproj", "{76C92037-F2C5-41BE-9D75-D8C53507BA69}"
EndProject
Project("{FAE04EC0-301F-11D3-BF4B-00C04F79EFBC}") = "Commons_Service_Win_Lib", "commons_service_lib\Commons_Service_Win_Lib.csproj", "{1C9C8EF8-02E5-449C-A4D6-DFCCF6277E15}"
EndProject
Project("{FAE04EC0-301F-11D3-BF4B-00C04F79EFBC}") = "Commons_Lib", "commons_lib\Commons_Lib.csproj", "{2306DEF5-65AA-42B7-A277-430B10839F68}"
EndProject
Project("{FAE04EC0-301F-11D3-BF4B-00C04F79EFBC}") = "Commons_Server_Client_Lib", "commons_server_client_lib\Commons_Server_Client_Lib.csproj", "{2706C191-7FED-4BFA-896C-6D6425488148}"
EndProject
Project("{FAE04EC0-301F-11D3-BF4B-00C04F79EFBC}") = "Commons_JSON_RPC_Lib", "commons_JSON_RPC_lib\Commons_JSON_RPC_Lib.csproj", "{B7630362-FBE5-4CC2-910C-62E9FCC41DC1}"
EndProject
Project("{FAE04EC0-301F-11D3-BF4B-00C04F79EFBC}") = "Aria2_Client_Lib", "aria2_rpc_client_lib\Aria2_Client_Lib.csproj", "{52382C1B-EC32-47B0-8AD1-BDF2DC9449A3}"
EndProject
Project("{FAE04EC0-301F-11D3-BF4B-00C04F79EFBC}") = "Aria2_Common_Lib", "aria2_common_lib\Aria2_Common_Lib.csproj", "{A525FCF4-5976-4982-8C1F-37F1614D220A}"
EndProject
Project("{FAE04EC0-301F-11D3-BF4B-00C04F79EFBC}") = "Aria2_Remote_Common_Lib", "Aria2_Remote_Common_Lib\Aria2_Remote_Common_Lib.csproj", "{E890955A-7E6D-4BC4-A766-5E6255098CE1}"
EndProject
Global
	GlobalSection(SolutionConfigurationPlatforms) = preSolution
		Debug|Any CPU = Debug|Any CPU
		Release|Any CPU = Release|Any CPU
	EndGlobalSection
	GlobalSection(ProjectConfigurationPlatforms) = postSolution
		{F0164169-1B23-4B47-88F2-05A1EF387660}.Debug|Any CPU.ActiveCfg = Debug|Any CPU
		{F0164169-1B23-4B47-88F2-05A1EF387660}.Debug|Any CPU.Build.0 = Debug|Any CPU
		{F0164169-1B23-4B47-88F2-05A1EF387660}.Release|Any CPU.ActiveCfg = Release|Any CPU
		{F0164169-1B23-4B47-88F2-05A1EF387660}.Release|Any CPU.Build.0 = Release|Any CPU
		{0DB5BE9F-9F80-4A2B-97DC-5E6996B81C38}.Debug|Any CPU.ActiveCfg = Debug|Any CPU
		{0DB5BE9F-9F80-4A2B-97DC-5E6996B81C38}.Debug|Any CPU.Build.0 = Debug|Any CPU
		{0DB5BE9F-9F80-4A2B-97DC-5E6996B81C38}.Release|Any CPU.ActiveCfg = Release|Any CPU
		{0DB5BE9F-9F80-4A2B-97DC-5E6996B81C38}.Release|Any CPU.Build.0 = Release|Any CPU
		{76C92037-F2C5-41BE-9D75-D8C53507BA69}.Debug|Any CPU.ActiveCfg = Debug|Any CPU
		{76C92037-F2C5-41BE-9D75-D8C53507BA69}.Debug|Any CPU.Build.0 = Debug|Any CPU
		{76C92037-F2C5-41BE-9D75-D8C53507BA69}.Release|Any CPU.ActiveCfg = Release|Any CPU
		{76C92037-F2C5-41BE-9D75-D8C53507BA69}.Release|Any CPU.Build.0 = Release|Any CPU
		{1C9C8EF8-02E5-449C-A4D6-DFCCF6277E15}.Debug|Any CPU.ActiveCfg = Debug|Any CPU
		{1C9C8EF8-02E5-449C-A4D6-DFCCF6277E15}.Debug|Any CPU.Build.0 = Debug|Any CPU
		{1C9C8EF8-02E5-449C-A4D6-DFCCF6277E15}.Release|Any CPU.ActiveCfg = Release|Any CPU
		{1C9C8EF8-02E5-449C-A4D6-DFCCF6277E15}.Release|Any CPU.Build.0 = Release|Any CPU
		{2306DEF5-65AA-42B7-A277-430B10839F68}.Debug|Any CPU.ActiveCfg = Debug|Any CPU
		{2306DEF5-65AA-42B7-A277-430B10839F68}.Debug|Any CPU.Build.0 = Debug|Any CPU
		{2306DEF5-65AA-42B7-A277-430B10839F68}.Release|Any CPU.ActiveCfg = Release|Any CPU
		{2306DEF5-65AA-42B7-A277-430B10839F68}.Release|Any CPU.Build.0 = Release|Any CPU
		{2706C191-7FED-4BFA-896C-6D6425488148}.Debug|Any CPU.ActiveCfg = Debug|Any CPU
		{2706C191-7FED-4BFA-896C-6D6425488148}.Debug|Any CPU.Build.0 = Debug|Any CPU
		{2706C191-7FED-4BFA-896C-6D6425488148}.Release|Any CPU.ActiveCfg = Release|Any CPU
		{2706C191-7FED-4BFA-896C-6D6425488148}.Release|Any CPU.Build.0 = Release|Any CPU
		{B7630362-FBE5-4CC2-910C-62E9FCC41DC1}.Debug|Any CPU.ActiveCfg = Debug|Any CPU
		{B7630362-FBE5-4CC2-910C-62E9FCC41DC1}.Debug|Any CPU.Build.0 = Debug|Any CPU
		{B7630362-FBE5-4CC2-910C-62E9FCC41DC1}.Release|Any CPU.ActiveCfg = Release|Any CPU
		{B7630362-FBE5-4CC2-910C-62E9FCC41DC1}.Release|Any CPU.Build.0 = Release|Any CPU
		{52382C1B-EC32-47B0-8AD1-BDF2DC9449A3}.Debug|Any CPU.ActiveCfg = Debug|Any CPU
		{52382C1B-EC32-47B0-8AD1-BDF2DC9449A3}.Debug|Any CPU.Build.0 = Debug|Any CPU
		{52382C1B-EC32-47B0-8AD1-BDF2DC9449A3}.Release|Any CPU.ActiveCfg = Release|Any CPU
		{52382C1B-EC32-47B0-8AD1-BDF2DC9449A3}.Release|Any CPU.Build.0 = Release|Any CPU
		{A525FCF4-5976-4982-8C1F-37F1614D220A}.Debug|Any CPU.ActiveCfg = Debug|Any CPU
		{A525FCF4-5976-4982-8C1F-37F1614D220A}.Debug|Any CPU.Build.0 = Debug|Any CPU
		{A525FCF4-5976-4982-8C1F-37F1614D220A}.Release|Any CPU.ActiveCfg = Release|Any CPU
		{A525FCF4-5976-4982-8C1F-37F1614D220A}.Release|Any CPU.Build.0 = Release|Any CPU
		{E890955A-7E6D-4BC4-A766-5E6255098CE1}.Debug|Any CPU.ActiveCfg = Debug|Any CPU
		{E890955A-7E6D-4BC4-A766-5E6255098CE1}.Debug|Any CPU.Build.0 = Debug|Any CPU
		{E890955A-7E6D-4BC4-A766-5E6255098CE1}.Release|Any CPU.ActiveCfg = Release|Any CPU
		{E890955A-7E6D-4BC4-A766-5E6255098CE1}.Release|Any CPU.Build.0 = Release|Any CPU
	EndGlobalSection
	GlobalSection(SolutionProperties) = preSolution
		HideSolutionNode = FALSE
	EndGlobalSection
	GlobalSection(ExtensibilityGlobals) = postSolution
		SolutionGuid = {13D33111-442C-49C4-BD57-A45C4EC018C8}
	EndGlobalSection
EndGlobal
